
Microsoft Visual Studio Solution File, Format Version 12.00
# Visual Studio 2013
VisualStudioVersion = 12.0.31101.0
MinimumVisualStudioVersion = 10.0.40219.1
Project("{FAE04EC0-301F-11D3-BF4B-00C04F79EFBC}") = "UIComposition.Shell", "UIComposition_Desktop\UIComposition.Shell.csproj", "{F3EE9243-F8F6-4821-BF10-D739C7A6A11E}"
EndProject
Project("{2150E333-8FDC-42A3-9474-1A3956D46DE8}") = "Modules", "Modules", "{60BD3124-10F9-48D9-8EDC-EFA8AB57FA4F}"
EndProject
Project("{FAE04EC0-301F-11D3-BF4B-00C04F79EFBC}") = "DealModule", "DealModule\DealModule.csproj", "{D8B54FD7-27A1-486F-B829-2FE1E9CFB9F8}"
EndProject
Project("{FAE04EC0-301F-11D3-BF4B-00C04F79EFBC}") = "ShipmentModule", "ShipmentModule\ShipmentModule.csproj", "{50F8B5DD-E4E3-4AF9-A4E5-567B58A46182}"
EndProject
Project("{FAE04EC0-301F-11D3-BF4B-00C04F79EFBC}") = "DXLauncher", "DXLauncher\DXLauncher.csproj", "{08203E73-749F-4163-B776-142894BDE8E7}"
EndProject
Global
	GlobalSection(SolutionConfigurationPlatforms) = preSolution
		Debug|Any CPU = Debug|Any CPU
		Release|Any CPU = Release|Any CPU
	EndGlobalSection
	GlobalSection(ProjectConfigurationPlatforms) = postSolution
		{F3EE9243-F8F6-4821-BF10-D739C7A6A11E}.Debug|Any CPU.ActiveCfg = Debug|Any CPU
		{F3EE9243-F8F6-4821-BF10-D739C7A6A11E}.Debug|Any CPU.Build.0 = Debug|Any CPU
		{F3EE9243-F8F6-4821-BF10-D739C7A6A11E}.Release|Any CPU.ActiveCfg = Release|Any CPU
		{F3EE9243-F8F6-4821-BF10-D739C7A6A11E}.Release|Any CPU.Build.0 = Release|Any CPU
		{D8B54FD7-27A1-486F-B829-2FE1E9CFB9F8}.Debug|Any CPU.ActiveCfg = Debug|Any CPU
		{D8B54FD7-27A1-486F-B829-2FE1E9CFB9F8}.Debug|Any CPU.Build.0 = Debug|Any CPU
		{D8B54FD7-27A1-486F-B829-2FE1E9CFB9F8}.Release|Any CPU.ActiveCfg = Release|Any CPU
		{D8B54FD7-27A1-486F-B829-2FE1E9CFB9F8}.Release|Any CPU.Build.0 = Release|Any CPU
		{50F8B5DD-E4E3-4AF9-A4E5-567B58A46182}.Debug|Any CPU.ActiveCfg = Debug|Any CPU
		{50F8B5DD-E4E3-4AF9-A4E5-567B58A46182}.Debug|Any CPU.Build.0 = Debug|Any CPU
		{50F8B5DD-E4E3-4AF9-A4E5-567B58A46182}.Release|Any CPU.ActiveCfg = Release|Any CPU
		{50F8B5DD-E4E3-4AF9-A4E5-567B58A46182}.Release|Any CPU.Build.0 = Release|Any CPU
		{08203E73-749F-4163-B776-142894BDE8E7}.Debug|Any CPU.ActiveCfg = Debug|Any CPU
		{08203E73-749F-4163-B776-142894BDE8E7}.Debug|Any CPU.Build.0 = Debug|Any CPU
		{08203E73-749F-4163-B776-142894BDE8E7}.Release|Any CPU.ActiveCfg = Release|Any CPU
		{08203E73-749F-4163-B776-142894BDE8E7}.Release|Any CPU.Build.0 = Release|Any CPU
	EndGlobalSection
	GlobalSection(SolutionProperties) = preSolution
		HideSolutionNode = FALSE
	EndGlobalSection
	GlobalSection(NestedProjects) = preSolution
		{D8B54FD7-27A1-486F-B829-2FE1E9CFB9F8} = {60BD3124-10F9-48D9-8EDC-EFA8AB57FA4F}
		{50F8B5DD-E4E3-4AF9-A4E5-567B58A46182} = {60BD3124-10F9-48D9-8EDC-EFA8AB57FA4F}
	EndGlobalSection
EndGlobal
